
Microsoft Visual Studio Solution File, Format Version 12.00
# Visual Studio Version 16
VisualStudioVersion = 16.0.30204.135
MinimumVisualStudioVersion = 10.0.40219.1
Project("{FAE04EC0-301F-11D3-BF4B-00C04F79EFBC}") = "CrawlerComic", "CrawlerComic\CrawlerComic.csproj", "{0D43E693-4BA5-4B14-8CB8-9B64B1516E2B}"
EndProject
Global
	GlobalSection(SolutionConfigurationPlatforms) = preSolution
		Debug|Any CPU = Debug|Any CPU
		Release|Any CPU = Release|Any CPU
	EndGlobalSection
	GlobalSection(ProjectConfigurationPlatforms) = postSolution
		{0D43E693-4BA5-4B14-8CB8-9B64B1516E2B}.Debug|Any CPU.ActiveCfg = Debug|Any CPU
		{0D43E693-4BA5-4B14-8CB8-9B64B1516E2B}.Debug|Any CPU.Build.0 = Debug|Any CPU
		{0D43E693-4BA5-4B14-8CB8-9B64B1516E2B}.Release|Any CPU.ActiveCfg = Release|Any CPU
		{0D43E693-4BA5-4B14-8CB8-9B64B1516E2B}.Release|Any CPU.Build.0 = Release|Any CPU
	EndGlobalSection
	GlobalSection(SolutionProperties) = preSolution
		HideSolutionNode = FALSE
	EndGlobalSection
	GlobalSection(ExtensibilityGlobals) = postSolution
		SolutionGuid = {DD35937F-9B9A-4279-B6E5-18733EAAB2F9}
	EndGlobalSection
EndGlobal
